FORGE
  remote: https://forgeapi.puppetlabs.com
  specs:
    maestrodev-wget (1.7.0)
    puppetlabs-stdlib (4.6.0)

GIT
  remote: git://github.com/gildas/puppet-homebrew.git
  ref: master
  sha: cd85d0e65e253cb2ac3ae2a421dd8cd2be200689
  specs:
    gildas-homebrew (0.4.16)

GIT
  remote: git://github.com/maestrodev/puppet-android.git
  ref: v1.2.0
  sha: 6131445a669c4c0ddf2323ed0b51906f3b19993f
  specs:
    aafwu00-android (1.2.0)
      maestrodev-wget (>= 1.0.0)
      puppetlabs-stdlib (>= 3.2.0)

GIT
  remote: git://github.com/puppetlabs/hiera.git
  ref: v0.3.0
  sha: e58a5168502454246cd6072d423731924d11c73a
  specs:
    puppet-hiera (0.0.1)

DEPENDENCIES
  aafwu00-android (>= 0)
  gildas-homebrew (>= 0)
  puppet-hiera (>= 0)

